
Microsoft Visual Studio Solution File, Format Version 12.00
# Visual Studio Version 17
VisualStudioVersion = 17.3.32929.385
MinimumVisualStudioVersion = 10.0.40219.1
Project("{9A19103F-16F7-4668-BE54-9A1E7A4F7556}") = "Lab01", "Test\Lab01.csproj", "{8FB58577-1CA6-40F5-A4D9-A33EC5A07BBE}"
EndProject
Project("{9A19103F-16F7-4668-BE54-9A1E7A4F7556}") = "Lab02", "Lab02\Lab02.csproj", "{8E0366B7-5729-4CE8-BAE3-E360CB344C12}"
EndProject
Project("{9A19103F-16F7-4668-BE54-9A1E7A4F7556}") = "Lab03", "Lab03\Lab03.csproj", "{876F257F-66EC-4CA0-BAE1-C9DF1CDC83CF}"
EndProject
Project("{9A19103F-16F7-4668-BE54-9A1E7A4F7556}") = "Lab04", "Lab04\Lab04.csproj", "{E19F61AE-673D-444E-ACAD-6C394858AB29}"
EndProject
Project("{9A19103F-16F7-4668-BE54-9A1E7A4F7556}") = "Assignment1", "Assignment1\Assignment1.csproj", "{59963321-E048-4141-91F0-B68B5034F160}"
EndProject
Project("{FAE04EC0-301F-11D3-BF4B-00C04F79EFBC}") = "Lab05", "Lab05\Lab05.csproj", "{3C42A66B-B18A-4362-AE7D-FC28C73DA3A8}"
EndProject
Project("{FAE04EC0-301F-11D3-BF4B-00C04F79EFBC}") = "SimpleEngine", "SimpleEngine\SimpleEngine.csproj", "{F9A7F69E-91C2-4D20-8C78-7F5892B74E08}"
EndProject
Global
	GlobalSection(SolutionConfigurationPlatforms) = preSolution
		Debug|Any CPU = Debug|Any CPU
		Release|Any CPU = Release|Any CPU
	EndGlobalSection
	GlobalSection(ProjectConfigurationPlatforms) = postSolution
		{8FB58577-1CA6-40F5-A4D9-A33EC5A07BBE}.Debug|Any CPU.ActiveCfg = Debug|Any CPU
		{8FB58577-1CA6-40F5-A4D9-A33EC5A07BBE}.Debug|Any CPU.Build.0 = Debug|Any CPU
		{8FB58577-1CA6-40F5-A4D9-A33EC5A07BBE}.Release|Any CPU.ActiveCfg = Release|Any CPU
		{8FB58577-1CA6-40F5-A4D9-A33EC5A07BBE}.Release|Any CPU.Build.0 = Release|Any CPU
		{8E0366B7-5729-4CE8-BAE3-E360CB344C12}.Debug|Any CPU.ActiveCfg = Debug|Any CPU
		{8E0366B7-5729-4CE8-BAE3-E360CB344C12}.Debug|Any CPU.Build.0 = Debug|Any CPU
		{8E0366B7-5729-4CE8-BAE3-E360CB344C12}.Release|Any CPU.ActiveCfg = Release|Any CPU
		{8E0366B7-5729-4CE8-BAE3-E360CB344C12}.Release|Any CPU.Build.0 = Release|Any CPU
		{876F257F-66EC-4CA0-BAE1-C9DF1CDC83CF}.Debug|Any CPU.ActiveCfg = Debug|Any CPU
		{876F257F-66EC-4CA0-BAE1-C9DF1CDC83CF}.Debug|Any CPU.Build.0 = Debug|Any CPU
		{876F257F-66EC-4CA0-BAE1-C9DF1CDC83CF}.Release|Any CPU.ActiveCfg = Release|Any CPU
		{876F257F-66EC-4CA0-BAE1-C9DF1CDC83CF}.Release|Any CPU.Build.0 = Release|Any CPU
		{E19F61AE-673D-444E-ACAD-6C394858AB29}.Debug|Any CPU.ActiveCfg = Debug|Any CPU
		{E19F61AE-673D-444E-ACAD-6C394858AB29}.Debug|Any CPU.Build.0 = Debug|Any CPU
		{E19F61AE-673D-444E-ACAD-6C394858AB29}.Release|Any CPU.ActiveCfg = Release|Any CPU
		{E19F61AE-673D-444E-ACAD-6C394858AB29}.Release|Any CPU.Build.0 = Release|Any CPU
		{59963321-E048-4141-91F0-B68B5034F160}.Debug|Any CPU.ActiveCfg = Debug|Any CPU
		{59963321-E048-4141-91F0-B68B5034F160}.Debug|Any CPU.Build.0 = Debug|Any CPU
		{59963321-E048-4141-91F0-B68B5034F160}.Release|Any CPU.ActiveCfg = Release|Any CPU
		{59963321-E048-4141-91F0-B68B5034F160}.Release|Any CPU.Build.0 = Release|Any CPU
		{3C42A66B-B18A-4362-AE7D-FC28C73DA3A8}.Debug|Any CPU.ActiveCfg = Debug|Any CPU
		{3C42A66B-B18A-4362-AE7D-FC28C73DA3A8}.Debug|Any CPU.Build.0 = Debug|Any CPU
		{3C42A66B-B18A-4362-AE7D-FC28C73DA3A8}.Release|Any CPU.ActiveCfg = Release|Any CPU
		{3C42A66B-B18A-4362-AE7D-FC28C73DA3A8}.Release|Any CPU.Build.0 = Release|Any CPU
		{F9A7F69E-91C2-4D20-8C78-7F5892B74E08}.Debug|Any CPU.ActiveCfg = Debug|Any CPU
		{F9A7F69E-91C2-4D20-8C78-7F5892B74E08}.Debug|Any CPU.Build.0 = Debug|Any CPU
		{F9A7F69E-91C2-4D20-8C78-7F5892B74E08}.Release|Any CPU.ActiveCfg = Release|Any CPU
		{F9A7F69E-91C2-4D20-8C78-7F5892B74E08}.Release|Any CPU.Build.0 = Release|Any CPU
	EndGlobalSection
	GlobalSection(SolutionProperties) = preSolution
		HideSolutionNode = FALSE
	EndGlobalSection
	GlobalSection(ExtensibilityGlobals) = postSolution
		SolutionGuid = {8488F721-5482-4F84-BEB7-58CB26060C1D}
	EndGlobalSection
EndGlobal
