
Microsoft Visual Studio Solution File, Format Version 12.00
# Visual Studio Version 17
VisualStudioVersion = 17.3.32929.385
MinimumVisualStudioVersion = 10.0.40219.1
Project("{9A19103F-16F7-4668-BE54-9A1E7A4F7556}") = "Lab01", "Test\Lab01.csproj", "{8FB58577-1CA6-40F5-A4D9-A33EC5A07BBE}"
EndProject
Project("{9A19103F-16F7-4668-BE54-9A1E7A4F7556}") = "Lab02", "Lab02\Lab02.csproj", "{8E0366B7-5729-4CE8-BAE3-E360CB344C12}"
EndProject
Project("{9A19103F-16F7-4668-BE54-9A1E7A4F7556}") = "Lab03", "Lab03\Lab03.csproj", "{876F257F-66EC-4CA0-BAE1-C9DF1CDC83CF}"
EndProject
Project("{9A19103F-16F7-4668-BE54-9A1E7A4F7556}") = "Lab04", "Lab04\Lab04.csproj", "{E19F61AE-673D-444E-ACAD-6C394858AB29}"
EndProject
Project("{9A19103F-16F7-4668-BE54-9A1E7A4F7556}") = "Assignment1", "Assignment1\Assignment1.csproj", "{59963321-E048-4141-91F0-B68B5034F160}"
EndProject
Project("{9A19103F-16F7-4668-BE54-9A1E7A4F7556}") = "Lab05", "Lab05\Lab05.csproj", "{3C42A66B-B18A-4362-AE7D-FC28C73DA3A8}"
EndProject
Project("{9A19103F-16F7-4668-BE54-9A1E7A4F7556}") = "SimpleEngine", "SimpleEngine\SimpleEngine.csproj", "{F9A7F69E-91C2-4D20-8C78-7F5892B74E08}"
EndProject
Project("{9A19103F-16F7-4668-BE54-9A1E7A4F7556}") = "Lab06", "Lab06\Lab06.csproj", "{0259F284-55E4-48D5-A19A-8E51FD3500C5}"
EndProject
Project("{9A19103F-16F7-4668-BE54-9A1E7A4F7556}") = "Lab07", "Lab07\Lab07.csproj", "{729016AF-25C7-4E1B-B66F-50FCB4F0044F}"
EndProject
Project("{9A19103F-16F7-4668-BE54-9A1E7A4F7556}") = "Assignment2", "Assignment2\Assignment2.csproj", "{4ACBF651-A0E1-401C-8975-1EC246154EDE}"
EndProject
Project("{9A19103F-16F7-4668-BE54-9A1E7A4F7556}") = "Lab08Image", "Lab08Image\Lab08Image.csproj", "{8A026A63-BD0B-49E6-BB4A-68330DE8F41B}"
EndProject
Project("{9A19103F-16F7-4668-BE54-9A1E7A4F7556}") = "Lab08", "Lab08\Lab08.csproj", "{2C3D95C4-21E8-46D1-A884-0B46844A167F}"
EndProject
Project("{9A19103F-16F7-4668-BE54-9A1E7A4F7556}") = "Assignment3", "Assignment3\Assignment3.csproj", "{00DD4E87-1586-45AE-B091-12C2286DAF80}"
EndProject
Project("{9A19103F-16F7-4668-BE54-9A1E7A4F7556}") = "Lab09", "Lab09\Lab09.csproj", "{17C834A1-FAD8-4A21-AA7A-AFBC5C98C1F4}"
EndProject
Project("{9A19103F-16F7-4668-BE54-9A1E7A4F7556}") = "Lab10", "Lab10\Lab10.csproj", "{AAEE542C-FA9E-488C-A27B-E0594E3B8699}"
EndProject
Project("{9A19103F-16F7-4668-BE54-9A1E7A4F7556}") = "Assignment4", "Assignment4\Assignment4.csproj", "{FF4AF7F7-012E-41BB-823F-1CF3AA6844CA}"
EndProject
Project("{9A19103F-16F7-4668-BE54-9A1E7A4F7556}") = "Lab12", "Lab12\Lab12.csproj", "{D915182C-1AAC-41EB-8CCB-E9EE206F7DAF}"
EndProject
Project("{FAE04EC0-301F-11D3-BF4B-00C04F79EFBC}") = "Final", "Final\Final.csproj", "{FE4AC84F-4FA2-48F7-8041-4AD9B2D60DBB}"
EndProject
Global
	GlobalSection(SolutionConfigurationPlatforms) = preSolution
		Debug|Any CPU = Debug|Any CPU
		Release|Any CPU = Release|Any CPU
	EndGlobalSection
	GlobalSection(ProjectConfigurationPlatforms) = postSolution
		{8FB58577-1CA6-40F5-A4D9-A33EC5A07BBE}.Debug|Any CPU.ActiveCfg = Debug|Any CPU
		{8FB58577-1CA6-40F5-A4D9-A33EC5A07BBE}.Debug|Any CPU.Build.0 = Debug|Any CPU
		{8FB58577-1CA6-40F5-A4D9-A33EC5A07BBE}.Release|Any CPU.ActiveCfg = Release|Any CPU
		{8FB58577-1CA6-40F5-A4D9-A33EC5A07BBE}.Release|Any CPU.Build.0 = Release|Any CPU
		{8E0366B7-5729-4CE8-BAE3-E360CB344C12}.Debug|Any CPU.ActiveCfg = Debug|Any CPU
		{8E0366B7-5729-4CE8-BAE3-E360CB344C12}.Debug|Any CPU.Build.0 = Debug|Any CPU
		{8E0366B7-5729-4CE8-BAE3-E360CB344C12}.Release|Any CPU.ActiveCfg = Release|Any CPU
		{8E0366B7-5729-4CE8-BAE3-E360CB344C12}.Release|Any CPU.Build.0 = Release|Any CPU
		{876F257F-66EC-4CA0-BAE1-C9DF1CDC83CF}.Debug|Any CPU.ActiveCfg = Debug|Any CPU
		{876F257F-66EC-4CA0-BAE1-C9DF1CDC83CF}.Debug|Any CPU.Build.0 = Debug|Any CPU
		{876F257F-66EC-4CA0-BAE1-C9DF1CDC83CF}.Release|Any CPU.ActiveCfg = Release|Any CPU
		{876F257F-66EC-4CA0-BAE1-C9DF1CDC83CF}.Release|Any CPU.Build.0 = Release|Any CPU
		{E19F61AE-673D-444E-ACAD-6C394858AB29}.Debug|Any CPU.ActiveCfg = Debug|Any CPU
		{E19F61AE-673D-444E-ACAD-6C394858AB29}.Debug|Any CPU.Build.0 = Debug|Any CPU
		{E19F61AE-673D-444E-ACAD-6C394858AB29}.Release|Any CPU.ActiveCfg = Release|Any CPU
		{E19F61AE-673D-444E-ACAD-6C394858AB29}.Release|Any CPU.Build.0 = Release|Any CPU
		{59963321-E048-4141-91F0-B68B5034F160}.Debug|Any CPU.ActiveCfg = Debug|Any CPU
		{59963321-E048-4141-91F0-B68B5034F160}.Debug|Any CPU.Build.0 = Debug|Any CPU
		{59963321-E048-4141-91F0-B68B5034F160}.Release|Any CPU.ActiveCfg = Release|Any CPU
		{59963321-E048-4141-91F0-B68B5034F160}.Release|Any CPU.Build.0 = Release|Any CPU
		{3C42A66B-B18A-4362-AE7D-FC28C73DA3A8}.Debug|Any CPU.ActiveCfg = Debug|Any CPU
		{3C42A66B-B18A-4362-AE7D-FC28C73DA3A8}.Debug|Any CPU.Build.0 = Debug|Any CPU
		{3C42A66B-B18A-4362-AE7D-FC28C73DA3A8}.Release|Any CPU.ActiveCfg = Release|Any CPU
		{3C42A66B-B18A-4362-AE7D-FC28C73DA3A8}.Release|Any CPU.Build.0 = Release|Any CPU
		{F9A7F69E-91C2-4D20-8C78-7F5892B74E08}.Debug|Any CPU.ActiveCfg = Debug|Any CPU
		{F9A7F69E-91C2-4D20-8C78-7F5892B74E08}.Debug|Any CPU.Build.0 = Debug|Any CPU
		{F9A7F69E-91C2-4D20-8C78-7F5892B74E08}.Release|Any CPU.ActiveCfg = Release|Any CPU
		{F9A7F69E-91C2-4D20-8C78-7F5892B74E08}.Release|Any CPU.Build.0 = Release|Any CPU
		{0259F284-55E4-48D5-A19A-8E51FD3500C5}.Debug|Any CPU.ActiveCfg = Debug|Any CPU
		{0259F284-55E4-48D5-A19A-8E51FD3500C5}.Debug|Any CPU.Build.0 = Debug|Any CPU
		{0259F284-55E4-48D5-A19A-8E51FD3500C5}.Release|Any CPU.ActiveCfg = Release|Any CPU
		{0259F284-55E4-48D5-A19A-8E51FD3500C5}.Release|Any CPU.Build.0 = Release|Any CPU
		{729016AF-25C7-4E1B-B66F-50FCB4F0044F}.Debug|Any CPU.ActiveCfg = Debug|Any CPU
		{729016AF-25C7-4E1B-B66F-50FCB4F0044F}.Debug|Any CPU.Build.0 = Debug|Any CPU
		{729016AF-25C7-4E1B-B66F-50FCB4F0044F}.Release|Any CPU.ActiveCfg = Release|Any CPU
		{729016AF-25C7-4E1B-B66F-50FCB4F0044F}.Release|Any CPU.Build.0 = Release|Any CPU
		{4ACBF651-A0E1-401C-8975-1EC246154EDE}.Debug|Any CPU.ActiveCfg = Debug|Any CPU
		{4ACBF651-A0E1-401C-8975-1EC246154EDE}.Debug|Any CPU.Build.0 = Debug|Any CPU
		{4ACBF651-A0E1-401C-8975-1EC246154EDE}.Release|Any CPU.ActiveCfg = Release|Any CPU
		{4ACBF651-A0E1-401C-8975-1EC246154EDE}.Release|Any CPU.Build.0 = Release|Any CPU
		{8A026A63-BD0B-49E6-BB4A-68330DE8F41B}.Debug|Any CPU.ActiveCfg = Debug|Any CPU
		{8A026A63-BD0B-49E6-BB4A-68330DE8F41B}.Debug|Any CPU.Build.0 = Debug|Any CPU
		{8A026A63-BD0B-49E6-BB4A-68330DE8F41B}.Release|Any CPU.ActiveCfg = Release|Any CPU
		{8A026A63-BD0B-49E6-BB4A-68330DE8F41B}.Release|Any CPU.Build.0 = Release|Any CPU
		{2C3D95C4-21E8-46D1-A884-0B46844A167F}.Debug|Any CPU.ActiveCfg = Debug|Any CPU
		{2C3D95C4-21E8-46D1-A884-0B46844A167F}.Debug|Any CPU.Build.0 = Debug|Any CPU
		{2C3D95C4-21E8-46D1-A884-0B46844A167F}.Release|Any CPU.ActiveCfg = Release|Any CPU
		{2C3D95C4-21E8-46D1-A884-0B46844A167F}.Release|Any CPU.Build.0 = Release|Any CPU
		{00DD4E87-1586-45AE-B091-12C2286DAF80}.Debug|Any CPU.ActiveCfg = Debug|Any CPU
		{00DD4E87-1586-45AE-B091-12C2286DAF80}.Debug|Any CPU.Build.0 = Debug|Any CPU
		{00DD4E87-1586-45AE-B091-12C2286DAF80}.Release|Any CPU.ActiveCfg = Release|Any CPU
		{00DD4E87-1586-45AE-B091-12C2286DAF80}.Release|Any CPU.Build.0 = Release|Any CPU
		{17C834A1-FAD8-4A21-AA7A-AFBC5C98C1F4}.Debug|Any CPU.ActiveCfg = Debug|Any CPU
		{17C834A1-FAD8-4A21-AA7A-AFBC5C98C1F4}.Debug|Any CPU.Build.0 = Debug|Any CPU
		{17C834A1-FAD8-4A21-AA7A-AFBC5C98C1F4}.Release|Any CPU.ActiveCfg = Release|Any CPU
		{17C834A1-FAD8-4A21-AA7A-AFBC5C98C1F4}.Release|Any CPU.Build.0 = Release|Any CPU
		{AAEE542C-FA9E-488C-A27B-E0594E3B8699}.Debug|Any CPU.ActiveCfg = Debug|Any CPU
		{AAEE542C-FA9E-488C-A27B-E0594E3B8699}.Debug|Any CPU.Build.0 = Debug|Any CPU
		{AAEE542C-FA9E-488C-A27B-E0594E3B8699}.Release|Any CPU.ActiveCfg = Release|Any CPU
		{AAEE542C-FA9E-488C-A27B-E0594E3B8699}.Release|Any CPU.Build.0 = Release|Any CPU
		{FF4AF7F7-012E-41BB-823F-1CF3AA6844CA}.Debug|Any CPU.ActiveCfg = Debug|Any CPU
		{FF4AF7F7-012E-41BB-823F-1CF3AA6844CA}.Debug|Any CPU.Build.0 = Debug|Any CPU
		{FF4AF7F7-012E-41BB-823F-1CF3AA6844CA}.Release|Any CPU.ActiveCfg = Release|Any CPU
		{FF4AF7F7-012E-41BB-823F-1CF3AA6844CA}.Release|Any CPU.Build.0 = Release|Any CPU
		{D915182C-1AAC-41EB-8CCB-E9EE206F7DAF}.Debug|Any CPU.ActiveCfg = Debug|Any CPU
		{D915182C-1AAC-41EB-8CCB-E9EE206F7DAF}.Debug|Any CPU.Build.0 = Debug|Any CPU
		{D915182C-1AAC-41EB-8CCB-E9EE206F7DAF}.Release|Any CPU.ActiveCfg = Release|Any CPU
		{D915182C-1AAC-41EB-8CCB-E9EE206F7DAF}.Release|Any CPU.Build.0 = Release|Any CPU
		{FE4AC84F-4FA2-48F7-8041-4AD9B2D60DBB}.Debug|Any CPU.ActiveCfg = Debug|Any CPU
		{FE4AC84F-4FA2-48F7-8041-4AD9B2D60DBB}.Debug|Any CPU.Build.0 = Debug|Any CPU
		{FE4AC84F-4FA2-48F7-8041-4AD9B2D60DBB}.Release|Any CPU.ActiveCfg = Release|Any CPU
		{FE4AC84F-4FA2-48F7-8041-4AD9B2D60DBB}.Release|Any CPU.Build.0 = Release|Any CPU
	EndGlobalSection
	GlobalSection(SolutionProperties) = preSolution
		HideSolutionNode = FALSE
	EndGlobalSection
	GlobalSection(ExtensibilityGlobals) = postSolution
		SolutionGuid = {8488F721-5482-4F84-BEB7-58CB26060C1D}
	EndGlobalSection
EndGlobal
