
Microsoft Visual Studio Solution File, Format Version 12.00
# Visual Studio Version 17
VisualStudioVersion = 17.3.32929.385
MinimumVisualStudioVersion = 10.0.40219.1
Project("{9A19103F-16F7-4668-BE54-9A1E7A4F7556}") = "Lab01", "Test\Lab01.csproj", "{8FB58577-1CA6-40F5-A4D9-A33EC5A07BBE}"
EndProject
Global
	GlobalSection(SolutionConfigurationPlatforms) = preSolution
		Debug|Any CPU = Debug|Any CPU
		Release|Any CPU = Release|Any CPU
	EndGlobalSection
	GlobalSection(ProjectConfigurationPlatforms) = postSolution
		{8FB58577-1CA6-40F5-A4D9-A33EC5A07BBE}.Debug|Any CPU.ActiveCfg = Debug|Any CPU
		{8FB58577-1CA6-40F5-A4D9-A33EC5A07BBE}.Debug|Any CPU.Build.0 = Debug|Any CPU
		{8FB58577-1CA6-40F5-A4D9-A33EC5A07BBE}.Release|Any CPU.ActiveCfg = Release|Any CPU
		{8FB58577-1CA6-40F5-A4D9-A33EC5A07BBE}.Release|Any CPU.Build.0 = Release|Any CPU
	EndGlobalSection
	GlobalSection(SolutionProperties) = preSolution
		HideSolutionNode = FALSE
	EndGlobalSection
	GlobalSection(ExtensibilityGlobals) = postSolution
		SolutionGuid = {8488F721-5482-4F84-BEB7-58CB26060C1D}
	EndGlobalSection
EndGlobal
